# This file is autogenerated, do not edit; changes may be undone by the next 'dep ensure'.


[[projects]]
  digest = "1:ebdeb808fe6861df1eaa262006a879bdbed826dd51c343bd5e681045e194997c"
  name = "github.com/google/logger"
  packages = ["."]
  pruneopts = "UT"
  revision = "7047ffcb7339f3f59be32de74a92217cb17cb40c"
  version = "v1.0.1"

[[projects]]
  digest = "1:cbec35fe4d5a4fba369a656a8cd65e244ea2c743007d8f6c1ccb132acf9d1296"
  name = "github.com/gorilla/mux"
  packages = ["."]
  pruneopts = "UT"
  revision = "00bdffe0f3c77e27d2cf6f5c70232a2d3e4d9c15"
  version = "v1.7.3"

[[projects]]
  digest = "1:f23fda5ee93c807ca0fda6ec63306d974e82bb00becba5f47068ca8b66b64a0a"
  name = "github.com/gorilla/rpc"
  packages = [
    ".",
    "json",
  ]
  pruneopts = "UT"
  revision = "bffcfa752ad4e523cc8f720afeb5b985ed41ae16"
  version = "v1.2.0"

[[projects]]
  digest = "1:27f44b9a8c2995c35ec25a9948ffa96f997f8eedbc5bb34838f10dcf620aaee3"
  name = "github.com/jinzhu/gorm"
  packages = [
    ".",
    "dialects/sqlite",
  ]
  pruneopts = "UT"
  revision = "836fb2c19d84dac7b0272958dfb9af7cf0d0ade4"
  version = "v1.9.10"

[[projects]]
  digest = "1:01ed62f8f4f574d8aff1d88caee113700a2b44c42351943fa73cc1808f736a50"
  name = "github.com/jinzhu/inflection"
  packages = ["."]
  pruneopts = "UT"
  revision = "f5c5f50e6090ae76a29240b61ae2a90dd810112e"
  version = "v1.0.0"

[[projects]]
  digest = "1:4a49346ca45376a2bba679ca0e83bec949d780d4e927931317904bad482943ec"
  name = "github.com/mattn/go-sqlite3"
  packages = ["."]
  pruneopts = "UT"
  revision = "c7c4067b79cc51e6dfdcef5c702e74b1e0fa7c75"
  version = "v1.10.0"

[[projects]]
  digest = "1:50f6ea72dfc55f99ef6aef3f7a135ae70fed9cc2612e2650e163f52ab5ea72c6"
  name = "github.com/openzipkin/zipkin-go"
  packages = [
    ".",
    "idgenerator",
    "middleware/http",
    "model",
    "propagation",
    "propagation/b3",
    "reporter",
    "reporter/http",
  ]
  pruneopts = "UT"
  revision = "1b5162aa314e6ccfcf83777bfb5218988c9e8283"
  version = "v0.1.6"

[[projects]]
  branch = "master"
  digest = "1:c91c286a0918227f83741cc610cfebf6b9a9a34fe2530971e6fee265d214bb58"
  name = "golang.org/x/sys"
  packages = [
    "windows",
    "windows/registry",
    "windows/svc/eventlog",
  ]
  pruneopts = "UT"
  revision = "04f50cda93cbb67f2afa353c52f342100e80e625"

[[projects]]
  digest = "1:ff8f87e537095bf44c46b676f64f81a4f02c7d0f757d68e901599b5bf52f919d"
  name = "google.golang.org/grpc"
  packages = ["metadata"]
  pruneopts = "UT"
  revision = "1d89a3c832915b2314551c1d2a506874d62e53f7"
  version = "v1.22.0"

[solve-meta]
  analyzer-name = "dep"
  analyzer-version = 1
  input-imports = [
    "github.com/google/logger",
    "github.com/gorilla/mux",
    "github.com/gorilla/rpc",
    "github.com/gorilla/rpc/json",
    "github.com/jinzhu/gorm",
    "github.com/jinzhu/gorm/dialects/sqlite",
    "github.com/mattn/go-sqlite3",
    "github.com/openzipkin/zipkin-go",
    "github.com/openzipkin/zipkin-go/middleware/http",
    "github.com/openzipkin/zipkin-go/model",
    "github.com/openzipkin/zipkin-go/reporter/http",
  ]
  solver-name = "gps-cdcl"
  solver-version = 1
